
Microsoft Visual Studio Solution File, Format Version 12.00
# Visual Studio 15
VisualStudioVersion = 15.0.27703.2018
MinimumVisualStudioVersion = 10.0.40219.1
Project("{FAE04EC0-301F-11D3-BF4B-00C04F79EFBC}") = "PracticeForms", "PracticeForms\PracticeForms.csproj", "{00757EB8-F192-49D8-BD79-6438298FC424}"
EndProject
Global
	GlobalSection(SolutionConfigurationPlatforms) = preSolution
		Debug|Any CPU = Debug|Any CPU
		Release|Any CPU = Release|Any CPU
	EndGlobalSection
	GlobalSection(ProjectConfigurationPlatforms) = postSolution
		{00757EB8-F192-49D8-BD79-6438298FC424}.Debug|Any CPU.ActiveCfg = Debug|Any CPU
		{00757EB8-F192-49D8-BD79-6438298FC424}.Debug|Any CPU.Build.0 = Debug|Any CPU
		{00757EB8-F192-49D8-BD79-6438298FC424}.Release|Any CPU.ActiveCfg = Release|Any CPU
		{00757EB8-F192-49D8-BD79-6438298FC424}.Release|Any CPU.Build.0 = Release|Any CPU
	EndGlobalSection
	GlobalSection(SolutionProperties) = preSolution
		HideSolutionNode = FALSE
	EndGlobalSection
	GlobalSection(ExtensibilityGlobals) = postSolution
		SolutionGuid = {1CAA3B38-38DD-44DE-865B-FD19A0E7BA14}
	EndGlobalSection
EndGlobal
